symfony v2.0.11
twig v1.6.0
monolog 1.0.2
doctrine-common 2.1.4
doctrine-dbal 2.1.6
doctrine 2.1.6
swiftmailer v4.1.5
assetic v1.0.2
twig-extensions dcdff02fbac1282e6b8f4d0558cc7e9580105688
metadata 1.0.0
SensioFrameworkExtraBundle v2.0.17
JMSSecurityExtraBundle e752f888c51425f71382c056961f10f2be642102
SensioDistributionBundle v2.0.17
SensioGeneratorBundle v2.0.17
AsseticBundle v1.0.1
phpAmqp 8a393d2e1c041b31186196cc67a17a880153ecea
zend-framework release-2.0.3
xi-filelib 677b052b5e949e68646cee335d99dad0013dfbdd
XiFilelibBundle faeb16312327616c89f3431874e92b7bbbfff69b
